%{"earmark": {:hex, :earmark, "1.1.1", "433136b7f2e99cde88b745b3a0cfc3fbc81fe58b918a09b40fce7f00db4d8187", [:mix], []},
  "ex_doc": {:hex, :ex_doc, "0.15.0", "e73333785eef3488cf9144a6e847d3d647e67d02bd6fdac500687854dd5c599f", [:mix], [{:earmark, "~> 1.1", [hex: :earmark, optional: false]}]},
  "modbus": {:hex, :modbus, "0.3.7", "3b11f700f810de4033f478e55c1c379c89087a60869fa6b18ce9959d9d14ccf1", [:mix], []},
  "sniff": {:hex, :sniff, "0.1.3", "b66853a6788ab4fe1bcb02b793df3e2bf723708201092fad7e1fef6b8d094d6f", [], [], "hexpm"}}
